[
  {
    "tabId": "1778492313",
    "title": "WhatsApp",
    "url": "https://web.whatsapp.com/",
    "description": "Log in to WhatsApp Web for simple, reliable and private messaging on your desktop. Send and receive messages and files with ease, all for free.",
    "textSnippet": "Log in to WhatsApp Web for simple, reliable and private messaging on your desktop. Send and receive messages and files with ease, all for free."
  },
  {
    "tabId": "1778492314",
    "title": "ytvideo summariser extension - Google Search",
    "url": "https://www.google.com/search?q=ytvideo+summariser+extension&sca_esv=c707080508e766c4&rlz=1C1ONGR_enIN1085IN1085&ei=qgfoaL_rDant1e8PmM_coAY&ved=0ahUKEwi_6NT355eQAxWpdvUHHZgnF2QQ4dUDCBA&uact=5&oq=ytvideo+summariser+extension&gs_lp=Egxnd3Mtd2l6LXNlcnAaAhgDIhx5dHZpZGVvIHN1bW1hcmlzZXIgZXh0ZW5zaW9uMgkQABiABBgKGA0yBhAAGBYYHjIGEAAYFhgeMgYQABgWGB4yCBAAGBYYChgeMgYQABgWGB4yBhAAGBYYHjIJEAAYFhiLAxgeMgkQABgWGIsDGB4yCRAAGBYYiwMYHkjgEFCWAVi9D3ABeACQAQCYAeUEoAH3F6oBCTItNS4yLjEuMbgBA8gBAPgBAZgCCaAC3xTCAgoQABiwAxjWBBhHwgINEC4YgAQYsAMYQxiKBcICDRAAGIAEGLADGEMYigXCAgcQABiABBgNwgIGEAAYDRgewgILEAAYgAQYhgMYigXCAggQABiABBiiBJgDAOIDBRIBMSBAiAYBkAYKkgcJMS4wLjQuMy4xoAf7WLIHBzItNC4zLjG4B7MUwgcFMy02LjPIB6gB&sclient=gws-wiz-serp",
    "description": "",
    "textSnippet": ""
  },
  {
    "tabId": "1778492345",
    "title": "Check selected model",
    "url": "https://chatgpt.com/c/68e81256-7ec0-8320-a289-8eaa9b2a40ce",
    "description": "ChatGPT helps you get answers, find inspiration and be more productive. It is free to use and easy to try. Just ask and ChatGPT can help with writing, learning, brainstorming and more.",
    "textSnippet": "ChatGPT helps you get answers, find inspiration and be more productive. It is free to use and easy to try. Just ask and ChatGPT can help with writing, learning, brainstorming and more."
  },
  {
    "tabId": "1778492359",
    "title": "Fund Transfer - CBI SA - Stack Overflow for Teams - KwikID",
    "url": "https://stackoverflowteams.com/c/kwikid/questions/1012",
    "description": "Q&A for ",
    "textSnippet": ""
  },
  {
    "tabId": "1778492360",
    "title": "Bajaj | How can we change the session status in Bajaj? - Stack Overflow for Teams - KwikID",
    "url": "https://stackoverflowteams.com/c/kwikid/questions/1299",
    "description": "Q&A for ",
    "textSnippet": ""
  },
  {
    "tabId": "1778492361",
    "title": "Agent | Bajaj Finance Ltd.",
    "url": "https://uat-bflvkyc.bajajfinserv.in/agent",
    "description": "KwikID's Agent Portal",
    "textSnippet": "KwikID's Agent Portal"
  },
  {
    "tabId": "1778492363",
    "title": "material ui - Google Search",
    "url": "https://www.google.com/search?q=material+ui&rlz=1C1ONGR_enIN1085IN1085&oq=&gs_lcrp=EgZjaHJvbWUqCQgHEEUYOxjCAzIJCAAQRRg7GMIDMgkIARBFGDsYwgMyCQgCEEUYOxjCAzIJCAMQRRg7GMIDMgkIBBBFGDsYwgMyCQgFEEUYOxjCAzIJCAYQRRg7GMIDMgkIBxBFGDsYwgPSAQoxMzE3NDhqMGo3qAIIsAIB8QX1uilETaBy1fEF9bopRE2gctU&sourceid=chrome&ie=UTF-8",
    "description": "",
    "textSnippet": ""
  },
  {
    "tabId": "1778492364",
    "title": "Tab categorization prompt",
    "url": "https://chatgpt.com/c/68e81556-2f70-8323-9ee8-b86f5447056b",
    "description": "ChatGPT helps you get answers, find inspiration and be more productive. It is free to use and easy to try. Just ask and ChatGPT can help with writing, learning, brainstorming and more.",
    "textSnippet": "ChatGPT helps you get answers, find inspiration and be more productive. It is free to use and easy to try. Just ask and ChatGPT can help with writing, learning, brainstorming and more."
  }
]